
Microsoft Visual Studio Solution File, Format Version 12.00
# Visual Studio Version 16
VisualStudioVersion = 16.0.29102.190
MinimumVisualStudioVersion = 10.0.40219.1
Project("{FAE04EC0-301F-11D3-BF4B-00C04F79EFBC}") = "Micro-ondasDigital.AppService", "..\Micro-ondasDigital.AppService\Micro-ondasDigital.AppService.csproj", "{42FD036B-8AFB-405B-9239-3C1FC73681F5}"
EndProject
Project("{FAE04EC0-301F-11D3-BF4B-00C04F79EFBC}") = "Micro-ondasDigital.Domain", "..\Micro-ondasDigital.Domain\Micro-ondasDigital.Domain.csproj", "{0195E5E4-2777-4AC2-82D2-D5B680710612}"
EndProject
Project("{FAE04EC0-301F-11D3-BF4B-00C04F79EFBC}") = "Micro-ondasDigital.Infra", "..\Micro-ondasDigital.Infra\Micro-ondasDigital.Infra.csproj", "{00B06432-8C74-4474-AEA7-3609E404DFCB}"
EndProject
Project("{FAE04EC0-301F-11D3-BF4B-00C04F79EFBC}") = "Micro-ondasDigital.IoC", "..\Micro-ondasDigital.IoC\Micro-ondasDigital.IoC.csproj", "{A51CC8B5-A5DC-413F-800C-CCFFDE82EB4D}"
EndProject
Project("{FAE04EC0-301F-11D3-BF4B-00C04F79EFBC}") = "Micro-ondasDigital.Tests", "..\Micro-ondasDigital.Tests\Micro-ondasDigital.Tests.csproj", "{37F8E74A-7E6B-40A3-A654-0B332452686A}"
EndProject
Project("{FAE04EC0-301F-11D3-BF4B-00C04F79EFBC}") = "Micro-ondasDigital.App", "..\Micro-ondasDigital.App\Micro-ondasDigital.App.csproj", "{B0D86D18-5150-4783-8FFF-CE6EC0EBEC68}"
EndProject
Global
	GlobalSection(SolutionConfigurationPlatforms) = preSolution
		Debug|Any CPU = Debug|Any CPU
		Release|Any CPU = Release|Any CPU
	EndGlobalSection
	GlobalSection(ProjectConfigurationPlatforms) = postSolution
		{42FD036B-8AFB-405B-9239-3C1FC73681F5}.Debug|Any CPU.ActiveCfg = Debug|Any CPU
		{42FD036B-8AFB-405B-9239-3C1FC73681F5}.Debug|Any CPU.Build.0 = Debug|Any CPU
		{42FD036B-8AFB-405B-9239-3C1FC73681F5}.Release|Any CPU.ActiveCfg = Release|Any CPU
		{42FD036B-8AFB-405B-9239-3C1FC73681F5}.Release|Any CPU.Build.0 = Release|Any CPU
		{0195E5E4-2777-4AC2-82D2-D5B680710612}.Debug|Any CPU.ActiveCfg = Debug|Any CPU
		{0195E5E4-2777-4AC2-82D2-D5B680710612}.Debug|Any CPU.Build.0 = Debug|Any CPU
		{0195E5E4-2777-4AC2-82D2-D5B680710612}.Release|Any CPU.ActiveCfg = Release|Any CPU
		{0195E5E4-2777-4AC2-82D2-D5B680710612}.Release|Any CPU.Build.0 = Release|Any CPU
		{00B06432-8C74-4474-AEA7-3609E404DFCB}.Debug|Any CPU.ActiveCfg = Debug|Any CPU
		{00B06432-8C74-4474-AEA7-3609E404DFCB}.Debug|Any CPU.Build.0 = Debug|Any CPU
		{00B06432-8C74-4474-AEA7-3609E404DFCB}.Release|Any CPU.ActiveCfg = Release|Any CPU
		{00B06432-8C74-4474-AEA7-3609E404DFCB}.Release|Any CPU.Build.0 = Release|Any CPU
		{A51CC8B5-A5DC-413F-800C-CCFFDE82EB4D}.Debug|Any CPU.ActiveCfg = Debug|Any CPU
		{A51CC8B5-A5DC-413F-800C-CCFFDE82EB4D}.Debug|Any CPU.Build.0 = Debug|Any CPU
		{A51CC8B5-A5DC-413F-800C-CCFFDE82EB4D}.Release|Any CPU.ActiveCfg = Release|Any CPU
		{A51CC8B5-A5DC-413F-800C-CCFFDE82EB4D}.Release|Any CPU.Build.0 = Release|Any CPU
		{37F8E74A-7E6B-40A3-A654-0B332452686A}.Debug|Any CPU.ActiveCfg = Debug|Any CPU
		{37F8E74A-7E6B-40A3-A654-0B332452686A}.Debug|Any CPU.Build.0 = Debug|Any CPU
		{37F8E74A-7E6B-40A3-A654-0B332452686A}.Release|Any CPU.ActiveCfg = Release|Any CPU
		{37F8E74A-7E6B-40A3-A654-0B332452686A}.Release|Any CPU.Build.0 = Release|Any CPU
		{B0D86D18-5150-4783-8FFF-CE6EC0EBEC68}.Debug|Any CPU.ActiveCfg = Debug|Any CPU
		{B0D86D18-5150-4783-8FFF-CE6EC0EBEC68}.Debug|Any CPU.Build.0 = Debug|Any CPU
		{B0D86D18-5150-4783-8FFF-CE6EC0EBEC68}.Release|Any CPU.ActiveCfg = Release|Any CPU
		{B0D86D18-5150-4783-8FFF-CE6EC0EBEC68}.Release|Any CPU.Build.0 = Release|Any CPU
	EndGlobalSection
	GlobalSection(SolutionProperties) = preSolution
		HideSolutionNode = FALSE
	EndGlobalSection
	GlobalSection(ExtensibilityGlobals) = postSolution
		SolutionGuid = {A08585B5-3DC6-4873-A729-04EFEB6AB6BA}
	EndGlobalSection
EndGlobal
